
Microsoft Visual Studio Solution File, Format Version 12.00
# Visual Studio Version 16
VisualStudioVersion = 16.0.30523.141
MinimumVisualStudioVersion = 10.0.40219.1
Project("{FAE04EC0-301F-11D3-BF4B-00C04F79EFBC}") = "MyBooks", "MyBooks.csproj", "{FEDF4ECC-DF96-48BF-B9AC-B4E7AD871583}"
EndProject
Global
	GlobalSection(SolutionConfigurationPlatforms) = preSolution
		Debug|Any CPU = Debug|Any CPU
		Release|Any CPU = Release|Any CPU
	EndGlobalSection
	GlobalSection(ProjectConfigurationPlatforms) = postSolution
		{FEDF4ECC-DF96-48BF-B9AC-B4E7AD871583}.Debug|Any CPU.ActiveCfg = Debug|Any CPU
		{FEDF4ECC-DF96-48BF-B9AC-B4E7AD871583}.Debug|Any CPU.Build.0 = Debug|Any CPU
		{FEDF4ECC-DF96-48BF-B9AC-B4E7AD871583}.Release|Any CPU.ActiveCfg = Release|Any CPU
		{FEDF4ECC-DF96-48BF-B9AC-B4E7AD871583}.Release|Any CPU.Build.0 = Release|Any CPU
	EndGlobalSection
	GlobalSection(SolutionProperties) = preSolution
		HideSolutionNode = FALSE
	EndGlobalSection
	GlobalSection(ExtensibilityGlobals) = postSolution
		SolutionGuid = {C69442FB-9473-41F6-A4CF-27657D85A813}
	EndGlobalSection
EndGlobal
